// !$*UTF8*$!
{
	archiveVersion = 1;
	classes = {
	};
	objectVersion = 50;
	objects = {

/* Begin PBXBuildFile section */
		FC20B79E2B99C1EB00B5911B /* AppDelegate.m in Sources */ = {isa = PBXBuildFile; fileRef = FC20B79D2B99C1EB00B5911B /* AppDelegate.m */; };
		FC20B7A12B99C1EB00B5911B /* SceneDelegate.m in Sources */ = {isa = PBXBuildFile; fileRef = FC20B7A02B99C1EB00B5911B /* SceneDelegate.m */; };
		FC20B7A42B99C1EB00B5911B /* ViewController.m in Sources */ = {isa = PBXBuildFile; fileRef = FC20B7A32B99C1EB00B5911B /* ViewController.m */; };
		FC20B7A72B99C1EB00B5911B /* Main.storyboard in Resources */ = {isa = PBXBuildFile; fileRef = FC20B7A52B99C1EB00B5911B /* Main.storyboard */; };
		FC20B7A92B99C1F300B5911B /* Assets.xcassets in Resources */ = {isa = PBXBuildFile; fileRef = FC20B7A82B99C1F300B5911B /* Assets.xcassets */; };
		FC20B7AC2B99C1F300B5911B /* LaunchScreen.storyboard in Resources */ = {isa = PBXBuildFile; fileRef = FC20B7AA2B99C1F300B5911B /* LaunchScreen.storyboard */; };
		FC20B7AF2B99C1F300B5911B /* main.m in Sources */ = {isa = PBXBuildFile; fileRef = FC20B7AE2B99C1F300B5911B /* main.m */; };
/* End PBXBuildFile section */

/* Begin PBXFileReference section */
		FC20B7992B99C1EB00B5911B /* xlpt.app */ = {isa = PBXFileReference; explicitFileType = wrapper.application; includeInIndex = 0; path = xlpt.app; sourceTree = BUILT_PRODUCTS_DIR; };
		FC20B79C2B99C1EB00B5911B /* AppDelegate.h */ = {isa = PBXFileReference; lastKnownFileType = sourcecode.c.h; path = AppDelegate.h; sourceTree = "<group>"; };
		FC20B79D2B99C1EB00B5911B /* AppDelegate.m */ = {isa = PBXFileReference; lastKnownFileType = sourcecode.c.objc; path = AppDelegate.m; sourceTree = "<group>"; };
		FC20B79F2B99C1EB00B5911B /* SceneDelegate.h */ = {isa = PBXFileReference; lastKnownFileType = sourcecode.c.h; path = SceneDelegate.h; sourceTree = "<group>"; };
		FC20B7A02B99C1EB00B5911B /* SceneDelegate.m */ = {isa = PBXFileReference; lastKnownFileType = sourcecode.c.objc; path = SceneDelegate.m; sourceTree = "<group>"; };
		FC20B7A22B99C1EB00B5911B /* ViewController.h */ = {isa = PBXFileReference; lastKnownFileType = sourcecode.c.h; path = ViewController.h; sourceTree = "<group>"; };
		FC20B7A32B99C1EB00B5911B /* ViewController.m */ = {isa = PBXFileReference; lastKnownFileType = sourcecode.c.objc; path = ViewController.m; sourceTree = "<group>"; };
		FC20B7A62B99C1EB00B5911B /* Base */ = {isa = PBXFileReference; lastKnownFileType = file.storyboard; name = Base; path = Base.lproj/Main.storyboard; sourceTree = "<group>"; };
		FC20B7A82B99C1F300B5911B /* Assets.xcassets */ = {isa = PBXFileReference; lastKnownFileType = folder.assetcatalog; path = Assets.xcassets; sourceTree = "<group>"; };
		FC20B7AB2B99C1F300B5911B /* Base */ = {isa = PBXFileReference; lastKnownFileType = file.storyboard; name = Base; path = Base.lproj/LaunchScreen.storyboard; sourceTree = "<group>"; };
		FC20B7AD2B99C1F300B5911B /* Info.plist */ = {isa = PBXFileReference; lastKnownFileType = text.plist.xml; path = Info.plist; sourceTree = "<group>"; };
		FC20B7AE2B99C1F300B5911B /* main.m */ = {isa = PBXFileReference; lastKnownFileType = sourcecode.c.objc; path = main.m; sourceTree = "<group>"; };
/* End PBXFileReference section */

/* Begin PBXFrameworksBuildPhase section */
		FC20B7962B99C1EB00B5911B /* Frameworks */ = {
			isa = PBXFrameworksBuildPhase;
			buildActionMask = 2147483647;
			files = (
			);
			runOnlyForDeploymentPostprocessing = 0;
		};
/* End PBXFrameworksBuildPhase section */

/* Begin PBXGroup section */
		FC20B7902B99C1EB00B5911B = {
			isa = PBXGroup;
			children = (
				FC20B79B2B99C1EB00B5911B /* xlpt */,
				FC20B79A2B99C1EB00B5911B /* Products */,
			);
			sourceTree = "<group>";
		};
		FC20B79A2B99C1EB00B5911B /* Products */ = {
			isa = PBXGroup;
			children = (
				FC20B7992B99C1EB00B5911B /* xlpt.app */,
			);
			name = Products;
			sourceTree = "<group>";
		};
		FC20B79B2B99C1EB00B5911B /* xlpt */ = {
			isa = PBXGroup;
			children = (
				FC20B79C2B99C1EB00B5911B /* AppDelegate.h */,
				FC20B79D2B99C1EB00B5911B /* AppDelegate.m */,
				FC20B79F2B99C1EB00B5911B /* SceneDelegate.h */,
				FC20B7A02B99C1EB00B5911B /* SceneDelegate.m */,
				FC20B7A22B99C1EB00B5911B /* ViewController.h */,
				FC20B7A32B99C1EB00B5911B /* ViewController.m */,
				FC20B7A52B99C1EB00B5911B /* Main.storyboard */,
				FC20B7A82B99C1F300B5911B /* Assets.xcassets */,
				FC20B7AA2B99C1F300B5911B /* LaunchScreen.storyboard */,
				FC20B7AD2B99C1F300B5911B /* Info.plist */,
				FC20B7AE2B99C1F300B5911B /* main.m */,
			);
			path = xlpt;
			sourceTree = "<group>";
		};
/* End PBXGroup section */

/* Begin PBXNativeTarget section */
		FC20B7982B99C1EB00B5911B /* xlpt */ = {
			isa = PBXNativeTarget;
			buildConfigurationList = FC20B7B22B99C1F300B5911B /* Build configuration list for PBXNativeTarget "xlpt" */;
			buildPhases = (
				FC20B7952B99C1EB00B5911B /* Sources */,
				FC20B7962B99C1EB00B5911B /* Frameworks */,
				FC20B7972B99C1EB00B5911B /* Resources */,
			);
			buildRules = (
			);
			dependencies = (
			);
			name = xlpt;
			productName = xlpt;
			productReference = FC20B7992B99C1EB00B5911B /* xlpt.app */;
			productType = "com.apple.product-type.application";
		};
/* End PBXNativeTarget section */

/* Begin PBXProject section */
		FC20B7912B99C1EB00B5911B /* Project object */ = {
			isa = PBXProject;
			attributes = {
				LastUpgradeCheck = 1160;
				ORGANIZATIONNAME = XL;
				TargetAttributes = {
					FC20B7982B99C1EB00B5911B = {
						CreatedOnToolsVersion = 11.6;
					};
				};
			};
			buildConfigurationList = FC20B7942B99C1EB00B5911B /* Build configuration list for PBXProject "xlpt" */;
			compatibilityVersion = "Xcode 9.3";
			developmentRegion = en;
			hasScannedForEncodings = 0;
			knownRegions = (
				en,
				Base,
			);
			mainGroup = FC20B7902B99C1EB00B5911B;
			productRefGroup = FC20B79A2B99C1EB00B5911B /* Products */;
			projectDirPath = "";
			projectRoot = "";
			targets = (
				FC20B7982B99C1EB00B5911B /* xlpt */,
			);
		};
/* End PBXProject section */

/* Begin PBXResourcesBuildPhase section */
		FC20B7972B99C1EB00B5911B /* Resources */ = {
			isa = PBXResourcesBuildPhase;
			buildActionMask = 2147483647;
			files = (
				FC20B7AC2B99C1F300B5911B /* LaunchScreen.storyboard in Resources */,
				FC20B7A92B99C1F300B5911B /* Assets.xcassets in Resources */,
				FC20B7A72B99C1EB00B5911B /* Main.storyboard in Resources */,
			);
			runOnlyForDeploymentPostprocessing = 0;
		};
/* End PBXResourcesBuildPhase section */

/* Begin PBXSourcesBuildPhase section */
		FC20B7952B99C1EB00B5911B /* Sources */ = {
			isa = PBXSourcesBuildPhase;
			buildActionMask = 2147483647;
			files = (
				FC20B7A42B99C1EB00B5911B /* ViewController.m in Sources */,
				FC20B79E2B99C1EB00B5911B /* AppDelegate.m in Sources */,
				FC20B7AF2B99C1F300B5911B /* main.m in Sources */,
				FC20B7A12B99C1EB00B5911B /* SceneDelegate.m in Sources */,
			);
			runOnlyForDeploymentPostprocessing = 0;
		};
/* End PBXSourcesBuildPhase section */

/* Begin PBXVariantGroup section */
		FC20B7A52B99C1EB00B5911B /* Main.storyboard */ = {
			isa = PBXVariantGroup;
			children = (
				FC20B7A62B99C1EB00B5911B /* Base */,
			);
			name = Main.storyboard;
			sourceTree = "<group>";
		};
		FC20B7AA2B99C1F300B5911B /* LaunchScreen.storyboard */ = {
			isa = PBXVariantGroup;
			children = (
				FC20B7AB2B99C1F300B5911B /* Base */,
			);
			name = LaunchScreen.storyboard;
			sourceTree = "<group>";
		};
/* End PBXVariantGroup section */

/* Begin XCBuildConfiguration section */
		FC20B7B02B99C1F300B5911B /* Debug */ = {
			isa = XCBuildConfiguration;
			buildSettings = {
				ALWAYS_SEARCH_USER_PATHS = NO;
				CLANG_ANALYZER_NONNULL = YES;
				CLANG_ANALYZER_NUMBER_OBJECT_CONVERSION = YES_AGGRESSIVE;
				CLANG_CXX_LANGUAGE_STANDARD = "gnu++14";
				CLANG_CXX_LIBRARY = "libc++";
				CLANG_ENABLE_MODULES = YES;
				CLANG_ENABLE_OBJC_ARC = YES;
				CLANG_ENABLE_OBJC_WEAK = YES;
				CLANG_WARN_BLOCK_CAPTURE_AUTORELEASING = YES;
				CLANG_WARN_BOOL_CONVERSION = YES;
				CLANG_WARN_COMMA = YES;
				CLANG_WARN_CONSTANT_CONVERSION = YES;
				CLANG_WARN_DEPRECATED_OBJC_IMPLEMENTATIONS = YES;
				CLANG_WARN_DIRECT_OBJC_ISA_USAGE = YES_ERROR;
				CLANG_WARN_DOCUMENTATION_COMMENTS = YES;
				CLANG_WARN_EMPTY_BODY = YES;
				CLANG_WARN_ENUM_CONVERSION = YES;
				CLANG_WARN_INFINITE_RECURSION = YES;
				CLANG_WARN_INT_CONVERSION = YES;
				CLANG_WARN_NON_LITERAL_NULL_CONVERSION = YES;
				CLANG_WARN_OBJC_IMPLICIT_RETAIN_SELF = YES;
				CLANG_WARN_OBJC_LITERAL_CONVERSION = YES;
				CLANG_WARN_OBJC_ROOT_CLASS = YES_ERROR;
				CLANG_WARN_RANGE_LOOP_ANALYSIS = YES;
				CLANG_WARN_STRICT_PROTOTYPES = YES;
				CLANG_WARN_SUSPICIOUS_MOVE = YES;
				CLANG_WARN_UNGUARDED_AVAILABILITY = YES_AGGRESSIVE;
				CLANG_WARN_UNREACHABLE_CODE = YES;
				CLANG_WARN__DUPLICATE_METHOD_MATCH = YES;
				COPY_PHASE_STRIP = NO;
				DEBUG_INFORMATION_FORMAT = dwarf;
				ENABLE_STRICT_OBJC_MSGSEND = YES;
				ENABLE_TESTABILITY = YES;
				GCC_C_LANGUAGE_STANDARD = gnu11;
				GCC_DYNAMIC_NO_PIC = NO;
				GCC_NO_COMMON_BLOCKS = YES;
				GCC_OPTIMIZATION_LEVEL = 0;
				GCC_PREPROCESSOR_DEFINITIONS = (
					"DEBUG=1",
					"$(inherited)",
				);
				GCC_WARN_64_TO_32_BIT_CONVERSION = YES;
				GCC_WARN_ABOUT_RETURN_TYPE = YES_ERROR;
				GCC_WARN_UNDECLARED_SELECTOR = YES;
				GCC_WARN_UNINITIALIZED_AUTOS = YES_AGGRESSIVE;
				GCC_WARN_UNUSED_FUNCTION = YES;
				GCC_WARN_UNUSED_VARIABLE = YES;
				IPHONEOS_DEPLOYMENT_TARGET = 13.6;
				MTL_ENABLE_DEBUG_INFO = INCLUDE_SOURCE;
				MTL_FAST_MATH = YES;
				ONLY_ACTIVE_ARCH = YES;
				SDKROOT = iphoneos;
			};
			name = Debug;
		};
		FC20B7B12B99C1F300B5911B /* Release */ = {
			isa = XCBuildConfiguration;
			buildSettings = {
				ALWAYS_SEARCH_USER_PATHS = NO;
				CLANG_ANALYZER_NONNULL = YES;
				CLANG_ANALYZER_NUMBER_OBJECT_CONVERSION = YES_AGGRESSIVE;
				CLANG_CXX_LANGUAGE_STANDARD = "gnu++14";
				CLANG_CXX_LIBRARY = "libc++";
				CLANG_ENABLE_MODULES = YES;
				CLANG_ENABLE_OBJC_ARC = YES;
				CLANG_ENABLE_OBJC_WEAK = YES;
				CLANG_WARN_BLOCK_CAPTURE_AUTORELEASING = YES;
				CLANG_WARN_BOOL_CONVERSION = YES;
				CLANG_WARN_COMMA = YES;
				CLANG_WARN_CONSTANT_CONVERSION = YES;
				CLANG_WARN_DEPRECATED_OBJC_IMPLEMENTATIONS = YES;
				CLANG_WARN_DIRECT_OBJC_ISA_USAGE = YES_ERROR;
				CLANG_WARN_DOCUMENTATION_COMMENTS = YES;
				CLANG_WARN_EMPTY_BODY = YES;
				CLANG_WARN_ENUM_CONVERSION = YES;
				CLANG_WARN_INFINITE_RECURSION = YES;
				CLANG_WARN_INT_CONVERSION = YES;
				CLANG_WARN_NON_LITERAL_NULL_CONVERSION = YES;
				CLANG_WARN_OBJC_IMPLICIT_RETAIN_SELF = YES;
				CLANG_WARN_OBJC_LITERAL_CONVERSION = YES;
				CLANG_WARN_OBJC_ROOT_CLASS = YES_ERROR;
				CLANG_WARN_RANGE_LOOP_ANALYSIS = YES;
				CLANG_WARN_STRICT_PROTOTYPES = YES;
				CLANG_WARN_SUSPICIOUS_MOVE = YES;
				CLANG_WARN_UNGUARDED_AVAILABILITY = YES_AGGRESSIVE;
				CLANG_WARN_UNREACHABLE_CODE = YES;
				CLANG_WARN__DUPLICATE_METHOD_MATCH = YES;
				COPY_PHASE_STRIP = NO;
				DEBUG_INFORMATION_FORMAT = "dwarf-with-dsym";
				ENABLE_NS_ASSERTIONS = NO;
				ENABLE_STRICT_OBJC_MSGSEND = YES;
				GCC_C_LANGUAGE_STANDARD = gnu11;
				GCC_NO_COMMON_BLOCKS = YES;
				GCC_WARN_64_TO_32_BIT_CONVERSION = YES;
				GCC_WARN_ABOUT_RETURN_TYPE = YES_ERROR;
				GCC_WARN_UNDECLARED_SELECTOR = YES;
				GCC_WARN_UNINITIALIZED_AUTOS = YES_AGGRESSIVE;
				GCC_WARN_UNUSED_FUNCTION = YES;
				GCC_WARN_UNUSED_VARIABLE = YES;
				IPHONEOS_DEPLOYMENT_TARGET = 13.6;
				MTL_ENABLE_DEBUG_INFO = NO;
				MTL_FAST_MATH = YES;
				SDKROOT = iphoneos;
				VALIDATE_PRODUCT = YES;
			};
			name = Release;
		};
		FC20B7B32B99C1F300B5911B /* Debug */ = {
			isa = XCBuildConfiguration;
			buildSettings = {
				ASSETCATALOG_COMPILER_APPICON_NAME = AppIcon;
				CODE_SIGN_STYLE = Automatic;
				INFOPLIST_FILE = xlpt/Info.plist;
				LD_RUNPATH_SEARCH_PATHS = (
					"$(inherited)",
					"@executable_path/Frameworks",
				);
				PRODUCT_BUNDLE_IDENTIFIER = xlyang.xlpt;
				PRODUCT_NAME = "$(TARGET_NAME)";
				TARGETED_DEVICE_FAMILY = 1;
			};
			name = Debug;
		};
		FC20B7B42B99C1F300B5911B /* Release */ = {
			isa = XCBuildConfiguration;
			buildSettings = {
				ASSETCATALOG_COMPILER_APPICON_NAME = AppIcon;
				CODE_SIGN_STYLE = Automatic;
				INFOPLIST_FILE = xlpt/Info.plist;
				LD_RUNPATH_SEARCH_PATHS = (
					"$(inherited)",
					"@executable_path/Frameworks",
				);
				PRODUCT_BUNDLE_IDENTIFIER = xlyang.xlpt;
				PRODUCT_NAME = "$(TARGET_NAME)";
				TARGETED_DEVICE_FAMILY = 1;
			};
			name = Release;
		};
/* End XCBuildConfiguration section */

/* Begin XCConfigurationList section */
		FC20B7942B99C1EB00B5911B /* Build configuration list for PBXProject "xlpt" */ = {
			isa = XCConfigurationList;
			buildConfigurations = (
				FC20B7B02B99C1F300B5911B /* Debug */,
				FC20B7B12B99C1F300B5911B /* Release */,
			);
			defaultConfigurationIsVisible = 0;
			defaultConfigurationName = Release;
		};
		FC20B7B22B99C1F300B5911B /* Build configuration list for PBXNativeTarget "xlpt" */ = {
			isa = XCConfigurationList;
			buildConfigurations = (
				FC20B7B32B99C1F300B5911B /* Debug */,
				FC20B7B42B99C1F300B5911B /* Release */,
			);
			defaultConfigurationIsVisible = 0;
			defaultConfigurationName = Release;
		};
/* End XCConfigurationList section */
	};
	rootObject = FC20B7912B99C1EB00B5911B /* Project object */;
}
